
Microsoft Visual Studio Solution File, Format Version 10.00
# Visual Studio 2008
Project("{8BC9CEB8-8B4A-11D0-8D11-00A0C91BC942}") = "min_cost", "min_cost\min_cost.vcproj", "{1C59415B-5B88-4135-966E-12F0A76AA482}"
EndProject
Global
	GlobalSection(SolutionConfigurationPlatforms) = preSolution
		Debug|Win32 = Debug|Win32
		Release|Win32 = Release|Win32
	EndGlobalSection
	GlobalSection(ProjectConfigurationPlatforms) = postSolution
		{1C59415B-5B88-4135-966E-12F0A76AA482}.Debug|Win32.ActiveCfg = Debug|Win32
		{1C59415B-5B88-4135-966E-12F0A76AA482}.Debug|Win32.Build.0 = Debug|Win32
		{1C59415B-5B88-4135-966E-12F0A76AA482}.Release|Win32.ActiveCfg = Release|Win32
		{1C59415B-5B88-4135-966E-12F0A76AA482}.Release|Win32.Build.0 = Release|Win32
	EndGlobalSection
	GlobalSection(SolutionProperties) = preSolution
		HideSolutionNode = FALSE
	EndGlobalSection
EndGlobal
