
Microsoft Visual Studio Solution File, Format Version 11.00
# Visual Studio 2010
Project("{8BC9CEB8-8B4A-11D0-8D11-00A0C91BC942}") = "Code", "Code.vcxproj", "{60D07A4F-F843-330B-A63A-E2A5796B5CFA}"
EndProject
Global
	GlobalSection(SolutionConfigurationPlatforms) = preSolution
		Debug|Win32 = Debug|Win32
		Release|Win32 = Release|Win32
	EndGlobalSection
	GlobalSection(ProjectConfigurationPlatforms) = postSolution
		{60D07A4F-F843-330B-A63A-E2A5796B5CFA}.Debug|Win32.ActiveCfg = Debug|Win32
		{60D07A4F-F843-330B-A63A-E2A5796B5CFA}.Debug|Win32.Build.0 = Debug|Win32
		{60D07A4F-F843-330B-A63A-E2A5796B5CFA}.Release|Win32.ActiveCfg = Release|Win32
		{60D07A4F-F843-330B-A63A-E2A5796B5CFA}.Release|Win32.Build.0 = Release|Win32
	EndGlobalSection
	GlobalSection(SolutionProperties) = preSolution
		HideSolutionNode = FALSE
	EndGlobalSection
EndGlobal
